
Microsoft Visual Studio Solution File, Format Version 12.00
# Visual Studio Version 16
VisualStudioVersion = 16.0.31205.134
MinimumVisualStudioVersion = 10.0.40219.1
Project("{FAE04EC0-301F-11D3-BF4B-00C04F79EFBC}") = "trabai Dev", "trabai Dev.csproj", "{8B26C689-93A4-4659-880B-20815C724038}"
EndProject
Global
	GlobalSection(SolutionConfigurationPlatforms) = preSolution
		Debug|Any CPU = Debug|Any CPU
		Release|Any CPU = Release|Any CPU
	EndGlobalSection
	GlobalSection(ProjectConfigurationPlatforms) = postSolution
		{8B26C689-93A4-4659-880B-20815C724038}.Debug|Any CPU.ActiveCfg = Debug|Any CPU
		{8B26C689-93A4-4659-880B-20815C724038}.Debug|Any CPU.Build.0 = Debug|Any CPU
		{8B26C689-93A4-4659-880B-20815C724038}.Release|Any CPU.ActiveCfg = Release|Any CPU
		{8B26C689-93A4-4659-880B-20815C724038}.Release|Any CPU.Build.0 = Release|Any CPU
	EndGlobalSection
	GlobalSection(SolutionProperties) = preSolution
		HideSolutionNode = FALSE
	EndGlobalSection
	GlobalSection(ExtensibilityGlobals) = postSolution
		SolutionGuid = {2B637CFA-7769-44AE-8200-F96E46FA7487}
	EndGlobalSection
EndGlobal
